
Microsoft Visual Studio Solution File, Format Version 12.00
# Visual Studio Version 17
VisualStudioVersion = 17.14.36603.0 d17.14
MinimumVisualStudioVersion = 10.0.40219.1
Project("{FAE04EC0-301F-11D3-BF4B-00C04F79EFBC}") = "Lab_Advanced_Command", "Lab_Advanced_Command\Lab_Advanced_Command.csproj", "{C8E17AFE-76B8-47F7-8199-C76932BAD44B}"
EndProject
Global
	GlobalSection(SolutionConfigurationPlatforms) = preSolution
		Debug|Any CPU = Debug|Any CPU
		Release|Any CPU = Release|Any CPU
	EndGlobalSection
	GlobalSection(ProjectConfigurationPlatforms) = postSolution
		{C8E17AFE-76B8-47F7-8199-C76932BAD44B}.Debug|Any CPU.ActiveCfg = Debug|Any CPU
		{C8E17AFE-76B8-47F7-8199-C76932BAD44B}.Debug|Any CPU.Build.0 = Debug|Any CPU
		{C8E17AFE-76B8-47F7-8199-C76932BAD44B}.Release|Any CPU.ActiveCfg = Release|Any CPU
		{C8E17AFE-76B8-47F7-8199-C76932BAD44B}.Release|Any CPU.Build.0 = Release|Any CPU
	EndGlobalSection
	GlobalSection(SolutionProperties) = preSolution
		HideSolutionNode = FALSE
	EndGlobalSection
	GlobalSection(ExtensibilityGlobals) = postSolution
		SolutionGuid = {D0B9B12B-DA3C-49F4-AA40-14548E259177}
	EndGlobalSection
EndGlobal
